
Microsoft Visual Studio Solution File, Format Version 12.00
# Visual Studio 15
VisualStudioVersion = 15.0.26430.16
MinimumVisualStudioVersion = 10.0.40219.1
Project("{FAE04EC0-301F-11D3-BF4B-00C04F79EFBC}") = "Eto.Gl.Gtk2", "Eto.Gl.Gtk2\Eto.Gl.Gtk2.csproj", "{06F7AC59-0E70-4646-BBFA-C105D9664FD0}"
EndProject
Project("{FAE04EC0-301F-11D3-BF4B-00C04F79EFBC}") = "Eto.Gl.WinForms", "Eto.Gl.WinForms\Eto.Gl.WinForms.csproj", "{A0DCCC13-936C-4D5A-AD8C-ADFF75816A8F}"
EndProject
Project("{FAE04EC0-301F-11D3-BF4B-00C04F79EFBC}") = "Eto.Gl.Mac", "Eto.Gl.Mac\Eto.Gl.Mac.csproj", "{C6D7920E-3FB5-4DAD-80F1-2B76158D493F}"
EndProject
Project("{FAE04EC0-301F-11D3-BF4B-00C04F79EFBC}") = "Eto.Gl", "Eto.Gl\Eto.Gl.csproj", "{510CE98D-2169-48A0-889C-E743417EE5E1}"
EndProject
Project("{FAE04EC0-301F-11D3-BF4B-00C04F79EFBC}") = "Eto.Gl.WPF_WinformsHost", "Eto.Gl.WPF_WinformsHost\Eto.Gl.WPF_WinformsHost.csproj", "{43C9116A-2F41-4F57-88E5-6B49BFB7881B}"
EndProject
Project("{FAE04EC0-301F-11D3-BF4B-00C04F79EFBC}") = "3D Rendering", "3D Rendering\3D Rendering\3D Rendering.csproj", "{50B08362-1893-44BC-A5EE-D5F2D982A473}"
EndProject
Project("{FAE04EC0-301F-11D3-BF4B-00C04F79EFBC}") = "3D Rendering.Desktop", "3D Rendering\3D Rendering.Desktop\3D Rendering.Desktop.csproj", "{FFF2F872-F26E-4329-BFB7-4901495A0679}"
EndProject
Global
	GlobalSection(SolutionConfigurationPlatforms) = preSolution
		Debug|Any CPU = Debug|Any CPU
		Release|Any CPU = Release|Any CPU
	EndGlobalSection
	GlobalSection(ProjectConfigurationPlatforms) = postSolution
		{06F7AC59-0E70-4646-BBFA-C105D9664FD0}.Debug|Any CPU.ActiveCfg = Debug|Any CPU
		{06F7AC59-0E70-4646-BBFA-C105D9664FD0}.Debug|Any CPU.Build.0 = Debug|Any CPU
		{06F7AC59-0E70-4646-BBFA-C105D9664FD0}.Release|Any CPU.ActiveCfg = Release|Any CPU
		{06F7AC59-0E70-4646-BBFA-C105D9664FD0}.Release|Any CPU.Build.0 = Release|Any CPU
		{A0DCCC13-936C-4D5A-AD8C-ADFF75816A8F}.Debug|Any CPU.ActiveCfg = Debug|Any CPU
		{A0DCCC13-936C-4D5A-AD8C-ADFF75816A8F}.Debug|Any CPU.Build.0 = Debug|Any CPU
		{A0DCCC13-936C-4D5A-AD8C-ADFF75816A8F}.Release|Any CPU.ActiveCfg = Release|Any CPU
		{A0DCCC13-936C-4D5A-AD8C-ADFF75816A8F}.Release|Any CPU.Build.0 = Release|Any CPU
		{C6D7920E-3FB5-4DAD-80F1-2B76158D493F}.Debug|Any CPU.ActiveCfg = Debug|Any CPU
		{C6D7920E-3FB5-4DAD-80F1-2B76158D493F}.Debug|Any CPU.Build.0 = Debug|Any CPU
		{C6D7920E-3FB5-4DAD-80F1-2B76158D493F}.Release|Any CPU.ActiveCfg = Release|Any CPU
		{C6D7920E-3FB5-4DAD-80F1-2B76158D493F}.Release|Any CPU.Build.0 = Release|Any CPU
		{510CE98D-2169-48A0-889C-E743417EE5E1}.Debug|Any CPU.ActiveCfg = Debug|Any CPU
		{510CE98D-2169-48A0-889C-E743417EE5E1}.Debug|Any CPU.Build.0 = Debug|Any CPU
		{510CE98D-2169-48A0-889C-E743417EE5E1}.Release|Any CPU.ActiveCfg = Release|Any CPU
		{510CE98D-2169-48A0-889C-E743417EE5E1}.Release|Any CPU.Build.0 = Release|Any CPU
		{43C9116A-2F41-4F57-88E5-6B49BFB7881B}.Debug|Any CPU.ActiveCfg = Debug|Any CPU
		{43C9116A-2F41-4F57-88E5-6B49BFB7881B}.Debug|Any CPU.Build.0 = Debug|Any CPU
		{43C9116A-2F41-4F57-88E5-6B49BFB7881B}.Release|Any CPU.ActiveCfg = Release|Any CPU
		{43C9116A-2F41-4F57-88E5-6B49BFB7881B}.Release|Any CPU.Build.0 = Release|Any CPU
		{50B08362-1893-44BC-A5EE-D5F2D982A473}.Debug|Any CPU.ActiveCfg = Debug|Any CPU
		{50B08362-1893-44BC-A5EE-D5F2D982A473}.Debug|Any CPU.Build.0 = Debug|Any CPU
		{50B08362-1893-44BC-A5EE-D5F2D982A473}.Release|Any CPU.ActiveCfg = Release|Any CPU
		{50B08362-1893-44BC-A5EE-D5F2D982A473}.Release|Any CPU.Build.0 = Release|Any CPU
		{FFF2F872-F26E-4329-BFB7-4901495A0679}.Debug|Any CPU.ActiveCfg = Debug|Any CPU
		{FFF2F872-F26E-4329-BFB7-4901495A0679}.Debug|Any CPU.Build.0 = Debug|Any CPU
		{FFF2F872-F26E-4329-BFB7-4901495A0679}.Release|Any CPU.ActiveCfg = Release|Any CPU
		{FFF2F872-F26E-4329-BFB7-4901495A0679}.Release|Any CPU.Build.0 = Release|Any CPU
	EndGlobalSection
	GlobalSection(SolutionProperties) = preSolution
		HideSolutionNode = FALSE
	EndGlobalSection
	GlobalSection(ExtensibilityGlobals) = postSolution
		SolutionGuid = {34A2DCC0-3EE2-4943-A67E-E7FABDA48294}
	EndGlobalSection
	GlobalSection(MonoDevelopProperties) = preSolution
		Policies = $0
		$0.TextStylePolicy = $1
		$1.FileWidth = 120
		$1.TabsToSpaces = False
		$1.inheritsSet = VisualStudio
		$1.inheritsScope = text/plain
		version = 0.24
		StartupItem = SharpFlame.Gui.Linux\SharpFlame.Gui.Linux.csproj
	EndGlobalSection
EndGlobal
